
Microsoft Visual Studio Solution File, Format Version 12.00
# Visual Studio 15
VisualStudioVersion = 15.0.26124.0
MinimumVisualStudioVersion = 15.0.26124.0
Project("{2150E333-8FDC-42A3-9474-1A3956D46DE8}") = "src", "src", "{E808BD33-06B5-4DDF-BF5B-2F93041CA064}"
EndProject
Project("{FAE04EC0-301F-11D3-BF4B-00C04F79EFBC}") = "GradeBook", "src\GradeBook\GradeBook.csproj", "{2C6AB4A2-471C-438D-9BCD-CCE7ACA4165D}"
EndProject
Project("{2150E333-8FDC-42A3-9474-1A3956D46DE8}") = "test", "test", "{B2658EB4-448A-467A-A2F3-0DA96832D1EC}"
EndProject
Project("{FAE04EC0-301F-11D3-BF4B-00C04F79EFBC}") = "GradeBook.Tests", "test\GradeBook.Tests\GradeBook.Tests.csproj", "{487D99CD-C1C1-48D0-B8A4-A42FAEB5A25F}"
EndProject
Global
	GlobalSection(SolutionConfigurationPlatforms) = preSolution
		Debug|Any CPU = Debug|Any CPU
		Debug|x64 = Debug|x64
		Debug|x86 = Debug|x86
		Release|Any CPU = Release|Any CPU
		Release|x64 = Release|x64
		Release|x86 = Release|x86
	EndGlobalSection
	GlobalSection(SolutionProperties) = preSolution
		HideSolutionNode = FALSE
	EndGlobalSection
	GlobalSection(ProjectConfigurationPlatforms) = postSolution
		{2C6AB4A2-471C-438D-9BCD-CCE7ACA4165D}.Debug|Any CPU.ActiveCfg = Debug|Any CPU
		{2C6AB4A2-471C-438D-9BCD-CCE7ACA4165D}.Debug|Any CPU.Build.0 = Debug|Any CPU
		{2C6AB4A2-471C-438D-9BCD-CCE7ACA4165D}.Debug|x64.ActiveCfg = Debug|Any CPU
		{2C6AB4A2-471C-438D-9BCD-CCE7ACA4165D}.Debug|x64.Build.0 = Debug|Any CPU
		{2C6AB4A2-471C-438D-9BCD-CCE7ACA4165D}.Debug|x86.ActiveCfg = Debug|Any CPU
		{2C6AB4A2-471C-438D-9BCD-CCE7ACA4165D}.Debug|x86.Build.0 = Debug|Any CPU
		{2C6AB4A2-471C-438D-9BCD-CCE7ACA4165D}.Release|Any CPU.ActiveCfg = Release|Any CPU
		{2C6AB4A2-471C-438D-9BCD-CCE7ACA4165D}.Release|Any CPU.Build.0 = Release|Any CPU
		{2C6AB4A2-471C-438D-9BCD-CCE7ACA4165D}.Release|x64.ActiveCfg = Release|Any CPU
		{2C6AB4A2-471C-438D-9BCD-CCE7ACA4165D}.Release|x64.Build.0 = Release|Any CPU
		{2C6AB4A2-471C-438D-9BCD-CCE7ACA4165D}.Release|x86.ActiveCfg = Release|Any CPU
		{2C6AB4A2-471C-438D-9BCD-CCE7ACA4165D}.Release|x86.Build.0 = Release|Any CPU
		{487D99CD-C1C1-48D0-B8A4-A42FAEB5A25F}.Debug|Any CPU.ActiveCfg = Debug|Any CPU
		{487D99CD-C1C1-48D0-B8A4-A42FAEB5A25F}.Debug|Any CPU.Build.0 = Debug|Any CPU
		{487D99CD-C1C1-48D0-B8A4-A42FAEB5A25F}.Debug|x64.ActiveCfg = Debug|Any CPU
		{487D99CD-C1C1-48D0-B8A4-A42FAEB5A25F}.Debug|x64.Build.0 = Debug|Any CPU
		{487D99CD-C1C1-48D0-B8A4-A42FAEB5A25F}.Debug|x86.ActiveCfg = Debug|Any CPU
		{487D99CD-C1C1-48D0-B8A4-A42FAEB5A25F}.Debug|x86.Build.0 = Debug|Any CPU
		{487D99CD-C1C1-48D0-B8A4-A42FAEB5A25F}.Release|Any CPU.ActiveCfg = Release|Any CPU
		{487D99CD-C1C1-48D0-B8A4-A42FAEB5A25F}.Release|Any CPU.Build.0 = Release|Any CPU
		{487D99CD-C1C1-48D0-B8A4-A42FAEB5A25F}.Release|x64.ActiveCfg = Release|Any CPU
		{487D99CD-C1C1-48D0-B8A4-A42FAEB5A25F}.Release|x64.Build.0 = Release|Any CPU
		{487D99CD-C1C1-48D0-B8A4-A42FAEB5A25F}.Release|x86.ActiveCfg = Release|Any CPU
		{487D99CD-C1C1-48D0-B8A4-A42FAEB5A25F}.Release|x86.Build.0 = Release|Any CPU
	EndGlobalSection
	GlobalSection(NestedProjects) = preSolution
		{2C6AB4A2-471C-438D-9BCD-CCE7ACA4165D} = {E808BD33-06B5-4DDF-BF5B-2F93041CA064}
		{487D99CD-C1C1-48D0-B8A4-A42FAEB5A25F} = {B2658EB4-448A-467A-A2F3-0DA96832D1EC}
	EndGlobalSection
EndGlobal
